github.com/aceld/zinx v0.0.0-20200707020933-59cb4bb640b2 h1:kk+8txS3/FLMpbw0sJBBwkaJCiFfc8hrz1m+wIyvxh4=
github.com/aceld/zinx v0.0.0-20200707020933-59cb4bb640b2/go.mod h1:bMiERrPdR8FzpBOo86nhWWmeHJ1cCaqVvWKCGcDVJ5M=
github.com/golang/protobuf v1.3.3/go.mod h1:vzj43D7+SQXF/4pzW/hwtAqwc6iTitCiVSaWz5lYuqw=
github.com/tidwall/gjson v1.6.0 h1:9VEQWz6LLMUsUl6PueE49ir4Ka6CzLymOAZDxpFsTDc=
github.com/tidwall/gjson v1.6.0/go.mod h1:P256ACg0Mn+j1RXIDXoss50DeIABTYK1PULOJHhxOls=
github.com/tidwall/match v1.0.1 h1:PnKP62LPNxHKTwvHHZZzdOAOCtsJTjo6dZLCwpKm5xc=
github.com/tidwall/match v1.0.1/go.mod h1:LujAq0jyVjBy028G1WhWfIzbpQfMO8bBZ6Tyb0+pL9E=
github.com/tidwall/pretty v1.0.0 h1:HsD+QiTn7sK6flMKIvNmpqz1qrpP3Ps6jOKIKMooyg4=
github.com/tidwall/pretty v1.0.0/go.mod h1:XNkn88O1ChpSDQmQeStsy+sBenx6DDtFZJxhVysOjyk=
github.com/tidwall/pretty v1.0.1 h1:WE4RBSZ1x6McVVC8S/Md+Qse8YUv6HRObAx6ke00NY8=
github.com/tidwall/pretty v1.0.1/go.mod h1:XNkn88O1ChpSDQmQeStsy+sBenx6DDtFZJxhVysOjyk=
